{
  "name": "amplus",
  "version": "1.0.0",
  "lockfileVersion": 2,
  "requires": true,
  "packages": {
    "": {
      "name": "amplus",
      "version": "1.0.0",
      "license": "ISC",
      "dependencies": {
        "typeface-barlow": "0.0.71"
      },
      "devDependencies": {
        "bootstrap": "^5.0.0"
      }
    },
    "node_modules/@popperjs/core": {
      "version": "2.11.8",
      "resolved": "https://registry.npmjs.org/@popperjs/core/-/core-2.11.8.tgz",
      "integrity": "sha512-P1st0aksCrn9sGZhp8GMYwBnQsbvAWsZAX44oXNNvLHGqAOcoVxmjZiohstwQ7SqKnbR47akdNi+uleWD8+g6A==",
      "dev": true,
      "peer": true,
      "funding": {
        "type": "opencollective",
        "url": "https://opencollective.com/popperjs"
      }
    },
    "node_modules/bootstrap": {
      "version": "5.0.0",
      "resolved": "https://registry.npmjs.org/bootstrap/-/bootstrap-5.0.0.tgz",
      "integrity": "sha512-tmhPET9B9qCl8dCofvHeiIhi49iBt0EehmIsziZib65k1erBW1rHhj2s/2JsuQh5Pq+xz2E9bEbzp9B7xHG+VA==",
      "dev": true,
      "funding": {
        "type": "opencollective",
        "url": "https://opencollective.com/bootstrap"
      },
      "peerDependencies": {
        "@popperjs/core": "^2.9.2"
      }
    },
    "node_modules/typeface-barlow": {
      "version": "0.0.71",
      "resolved": "https://registry.npmjs.org/typeface-barlow/-/typeface-barlow-0.0.71.tgz",
      "integrity": "sha512-dsDw7lOtAXUSe2kj6s9M2DVS5QMeIw+pOwd/Y3cgaMeB77mIIqWJOFIzEVqCGhrIDUpFbOCeo0kZxqGDZXM+sQ=="
    }
  },
  "dependencies": {
    "@popperjs/core": {
      "version": "2.11.8",
      "resolved": "https://registry.npmjs.org/@popperjs/core/-/core-2.11.8.tgz",
      "integrity": "sha512-P1st0aksCrn9sGZhp8GMYwBnQsbvAWsZAX44oXNNvLHGqAOcoVxmjZiohstwQ7SqKnbR47akdNi+uleWD8+g6A==",
      "dev": true,
      "peer": true
    },
    "bootstrap": {
      "version": "5.0.0",
      "resolved": "https://registry.npmjs.org/bootstrap/-/bootstrap-5.0.0.tgz",
      "integrity": "sha512-tmhPET9B9qCl8dCofvHeiIhi49iBt0EehmIsziZib65k1erBW1rHhj2s/2JsuQh5Pq+xz2E9bEbzp9B7xHG+VA==",
      "dev": true,
      "requires": {}
    },
    "typeface-barlow": {
      "version": "0.0.71",
      "resolved": "https://registry.npmjs.org/typeface-barlow/-/typeface-barlow-0.0.71.tgz",
      "integrity": "sha512-dsDw7lOtAXUSe2kj6s9M2DVS5QMeIw+pOwd/Y3cgaMeB77mIIqWJOFIzEVqCGhrIDUpFbOCeo0kZxqGDZXM+sQ=="
    }
  }
}
